
Microsoft Visual Studio Solution File, Format Version 12.00
# Visual Studio Version 17
VisualStudioVersion = 17.3.32811.315
MinimumVisualStudioVersion = 10.0.40219.1
Project("{FAE04EC0-301F-11D3-BF4B-00C04F79EFBC}") = "ConsoleApp1", "ConsoleApp1\ConsoleApp1.csproj", "{AEED2A90-37BB-452F-85D3-795878D349FB}"
EndProject
Global
	GlobalSection(SolutionConfigurationPlatforms) = preSolution
		Debug|Any CPU = Debug|Any CPU
		Release|Any CPU = Release|Any CPU
	EndGlobalSection
	GlobalSection(ProjectConfigurationPlatforms) = postSolution
		{AEED2A90-37BB-452F-85D3-795878D349FB}.Debug|Any CPU.ActiveCfg = Debug|Any CPU
		{AEED2A90-37BB-452F-85D3-795878D349FB}.Debug|Any CPU.Build.0 = Debug|Any CPU
		{AEED2A90-37BB-452F-85D3-795878D349FB}.Release|Any CPU.ActiveCfg = Release|Any CPU
		{AEED2A90-37BB-452F-85D3-795878D349FB}.Release|Any CPU.Build.0 = Release|Any CPU
	EndGlobalSection
	GlobalSection(SolutionProperties) = preSolution
		HideSolutionNode = FALSE
	EndGlobalSection
	GlobalSection(ExtensibilityGlobals) = postSolution
		SolutionGuid = {BE3FABFF-FA69-4AD7-A82D-D727E96C2D53}
	EndGlobalSection
EndGlobal
